cloud.google.com/go v0.110.8 h1:Jbwmk7UWz8Z9C4EmHiKJhJPEj1ouTAJnipFN9wC9Hk0=
cloud.google.com/go v0.110.8/go.mod h1:Iz8AkXJf1qmxC3Oxoep8R1T36w8B92yU29PiD5WB3k0=
cloud.google.com/go/compute v1.23.1 h1:V97tBoDaZHb6leicZ1G6DLK2BAaZLJ/7+9BB/En3hR0=
cloud.google.com/go/compute v1.23.1/go.mod h1:CqB3xpmPKKt3OJpW2ndFIXnA9A4xAy/F3Xp1ixncW78=
cloud.google.com/go/compute/metadata v0.2.3 h1:mg4jlk7mCAj6xXp9UJ4fjI9VUI5rubuGBW5aJ7UnBMY=
cloud.google.com/go/compute/metadata v0.2.3/go.mod h1:VAV5nSsACxMJvgaAuX6Pk2AawlZn8kiOGuCv6gTkwuA=
cloud.google.com/go/iam v1.1.3 h1:18tKG7DzydKWlNvWOwrVQZ3xrd2+wsupS8KYSaijkh4=
cloud.google.com/go/iam v1.1.3/go.mod h1:3khUlaBXfPKKe7huYgEpDn6FtgRyMEqbkvBxrQyY5SE=
cloud.google.com/go/pubsub v1.33.0 h1:6SPCPvWav64tj0sVX/+npCBKhUi/UjJehy9op/V3p2g=
cloud.google.com/go/pubsub v1.33.0/go.mod h1:f+w71I33OMyxf9VpMVcZbnG5KSUkCOUHYpFd5U1GdRc=
github.com/GoogleCloudPlatform/functions-framework-go v1.8.1 h1:W8qhn1BbOPe+j3Pz2oCYZ/7ns+jKB2txrZhzYZFPaCM=
github.com/GoogleCloudPlatform/functions-framework-go v1.8.1/go.mod h1:pYhZCkds+HTLSyEhAzOe8aZEhV3RlJI7CE8mZ6mr6Ko=
github.com/golang/groupcache v0.0.0-20210331224755-41bb18bfe9da h1:oI5xCqsCo564l8iNU+DwB5epxmsaqB+rhGL0m5jtYqE=
github.com/golang/groupcache v0.0.0-20210331224755-41bb18bfe9da/go.mod h1:cIg4eruTrX1D+g88fzRXU5OdNfaM+9IcxsU14FzY7Hc=
github.com/golang/protobuf v1.5.3 h1:KhyjKVUg7Usr/dYsdSqoFveMYd5ko72D+zANwlG1mmg=
github.com/golang/protobuf v1.5.3/go.mod h1:XVQd3VNwM+JqD3oG2Ue2ip4fOMUkwXdXDdiuN0vRsmY=
github.com/google/go-cmp v0.6.0 h1:ofyhxvXcZhMsU5ulbFiLKl/XBFqE1GSq7atu8tAmTRI=
github.com/google/go-cmp v0.6.0/go.mod h1:17dUlkBOakJ0+DkrSSNjCkIjxS6bF9zb3elmeNGIjoY=
github.com/googleapis/gax-go/v2 v2.12.0 h1:A+gCJKdRfqXkr+BIRGtZLibNXf0m1f9E4HG56etFpas=
github.com/googleapis/gax-go/v2 v2.12.0/go.mod h1:y+aIqrI5eb1YGMVJfuV3185Ts/D7qKpsEkdD5+I6QGU=
go.opencensus.io v0.24.0 h1:y73uSU6J157QMP2kn2r30vwW1A2W2WFwSCGnAVxeaD0=
go.opencensus.io v0.24.0/go.mod h1:vNK8G9p7aAivkbmorf4v+7Hgx+Zs0yY+0fOtgBfjQKo=
golang.org/x/net v0.17.0 h1:pVaXccu2ozPjCXewfr1S7xza/zcXTity9cCdXQYSjIM=
golang.org/x/net v0.17.0/go.mod h1:NxSsAGuq816PNPmqtQdLE42eU2Fs7NoRIUA2NIbniST=
golang.org/x/oauth2 v0.13.0 h1:jDDenyj+WgFtmV3zYVoi8aE2BwtXFLWOijeP9f84dolE=
golang.org/x/oauth2 v0.13.0/go.mod h1:/JMhi4ZRXAf4HG9LiNmxvk+45+96RUlVThiH8FzNBn0=
golang.org/x/sync v0.4.0 h1:zxkM55ReGkDlKSM+Fu41A+zmbZuaPVbGMzvvdUPznYQ=
golang.org/x/sync v0.4.0/go.mod h1:FU7BRWz2tNW+3quACPkgCx/L+uEAv1htQ0V83Z9Rj+Y=
golang.org/x/sys v0.13.0 h1:Af8nKPmuFypiUBjVoU9V20FiaFXOcuZI21p0ycVYYGE=
golang.org/x/sys v0.13.0/go.mod h1:oPkhp1MJrh7nUepCBck5+mAzfO9JrbApNNgaTdGDITg=
golang.org/x/text v0.13.0 h1:ablQoSUd0tRdKxZewP80B+BaqeKJuVhuRxj/dkrun3k=
golang.org/x/text v0.13.0/go.mod h1:TvPlkZtksWOMsz7fbANvkp4WM8x/WCo/om8BMLbz+aE=
golang.org/x/time v0.3.0 h1:rg5rLMjNzMS1RkNLzCG38eapWhnYLFYXDXj2gOlr8j4=
golang.org/x/time v0.3.0/go.mod h1:tRJNPiyCQ0inRvYxbN9jk5I+vvW/OXSQhTDSoE431IQ=
google.golang.org/api v0.149.0 h1:b2CqT6kG+zqJIVKRQ3ELJVLN1PwHZ6DJ3dW8yl82rgY=
google.golang.org/api v0.149.0/go.mod h1:Mwn1B7JTXrzXtnvmzQE2BD6bYZQ8DShKZDZbeN9I7qI=
google.golang.org/appengine v1.6.8 h1:IhEN5q69dyKagZPYMSdIjS2HqprW324FRQZJcGqPAsM=
google.golang.org/appengine v1.6.8/go.mod h1:1jJ3jBArFh5pcgW8gCtRJnepW8FzD1V44FJffLiz/Ds=
google.golang.org/genproto v0.0.0-20231016165738-49dd2c1f3d0b h1:+YaDE2r2OG8t/z5qmsh7Y+XXwCbvadxxZ0YY6mTdrVA=
google.golang.org/genproto v0.0.0-20231016165738-49dd2c1f3d0b/go.mod h1:CgAqfJo+Xmu0GwA0411Ht3OU3OntXwsGmrmjI8ioGXI=
google.golang.org/genproto/googleapis/api v0.0.0-20231016165738-49dd2c1f3d0b h1:ZlWIi1wSK56/8hn4QcBp/j9M7Gt3U/3hZw3mC7vDICo=
google.golang.org/genproto/googleapis/api v0.0.0-20231016165738-49dd2c1f3d0b/go.mod h1:rpiU3w7m9gqhj/V3+bw5bkPBfwo0pf4elx97k+2vlE0=
google.golang.org/genproto/googleapis/rpc v0.0.0-20231030173426-d783a09b4405 h1:AB/lmRny7e2pLhFEYIbl5qkDAUt2h0ZRO4wGPhZf+ik=
google.golang.org/genproto/googleapis/rpc v0.0.0-20231030173426-d783a09b4405/go.mod h1:67X1fPuzjcrkymZzZV1vvkFeTn2Rvc6lYF9MYFGCcwE=
google.golang.org/grpc v1.59.0 h1:Z5Iec2pjwb+LEOqzpB2MR12/eKFhDPhuqW91O+4bwUk=
google.golang.org/grpc v1.59.0/go.mod h1:aUPDwccQo6OTjy7Hct4AfBPD1GptF4fyUjIkQ9YtF98=
google.golang.org/protobuf v1.31.0 h1:g0LDEJHgrBl9N9r17Ru3sqWhkIx2NB67okBHPwC7hs8=
google.golang.org/protobuf v1.31.0/go.mod h1:HV8QOd/L58Z+nl8r43ehVNZIU/HEI6OcFqwMG9pJV4I=
